// !$*UTF8*$!
{
	archiveVersion = 1;
	classes = {
	};
	objectVersion = 77;
	objects = {

/* Begin PBXBuildFile section */
		01EE29B8DC029255D16172AA /* HubClient.swift in Sources */ = {isa = PBXBuildFile; fileRef = BF1838F63472B1E72809CAFE /* HubClient.swift */; };
		083E70602DF02BC2A7459AA9 /* SoloFallback.swift in Sources */ = {isa = PBXBuildFile; fileRef = D9B2C920A17D53926036D936 /* SoloFallback.swift */; };
		0A662001B0685923F438492F /* VisualView.swift in Sources */ = {isa = PBXBuildFile; fileRef = B1D60E2E0802A390019785E4 /* VisualView.swift */; };
		1A819DD24973581052EA9A0A /* nearfield.html in Resources */ = {isa = PBXBuildFile; fileRef = 37C0646667DDB929D70CAC9E /* nearfield.html */; };
		20D03E6C27D8CB7E57B60DDE /* EnsembleApp.swift in Sources */ = {isa = PBXBuildFile; fileRef = F66F23B128DBF0810C896C2B /* EnsembleApp.swift */; };
		24B8DDAB7F78330BD09FAFED /* params.json in Resources */ = {isa = PBXBuildFile; fileRef = A5F1DBCF3F38C547B1872958 /* params.json */; };
		2D80FAF404327C6D99BBA47B /* scale.json in Resources */ = {isa = PBXBuildFile; fileRef = C1E1E5B6F0CC67FC759C3C50 /* scale.json */; };
		32C578F61A4D9B2C8A1C24FC /* params.json in Resources */ = {isa = PBXBuildFile; fileRef = A5F1DBCF3F38C547B1872958 /* params.json */; };
		3714682097BA433A0BF6BC45 /* reward_golden.json in Resources */ = {isa = PBXBuildFile; fileRef = 5689ACAB7AF9712707F89A4E /* reward_golden.json */; };
		46090974BB312FBDE9F474E9 /* VoiceEngine.swift in Sources */ = {isa = PBXBuildFile; fileRef = 20CE9C5958840CF971464B6B /* VoiceEngine.swift */; };
		4E306E509FC192897A6A1053 /* NearfieldApp.swift in Sources */ = {isa = PBXBuildFile; fileRef = B1AFF821975E43488888CD72 /* NearfieldApp.swift */; };
		50C5202F0785BD7E822C71BE /* MotionSensor.swift in Sources */ = {isa = PBXBuildFile; fileRef = F76B869F0F5B02462B8EC468 /* MotionSensor.swift */; };
		7097370EF0A33CBB84867D9A /* scale_drift.json in Resources */ = {isa = PBXBuildFile; fileRef = DFF457719CDA834C3621EC56 /* scale_drift.json */; };
		74F2221DD1A33E93B495A92C /* ScoreCoreTests.swift in Sources */ = {isa = PBXBuildFile; fileRef = 90A4551B99354EC26C4C6E5E /* ScoreCoreTests.swift */; };
		9492DA4F2A7A9EC853A5C1B7 /* scale.json in Resources */ = {isa = PBXBuildFile; fileRef = C1E1E5B6F0CC67FC759C3C50 /* scale.json */; };
		95B17610906B225E9BACF3D0 /* ContentView.swift in Sources */ = {isa = PBXBuildFile; fileRef = 4E78D4EB9B7A0874B969FD79 /* ContentView.swift */; };
		A95B78E3FABDB00E8FF758A8 /* ScoreCore.swift in Sources */ = {isa = PBXBuildFile; fileRef = 78942A71B0AAFDC762727928 /* ScoreCore.swift */; };
		B13395FD9353EF3ECE48A662 /* RewardCoreTests.swift in Sources */ = {isa = PBXBuildFile; fileRef = 701A7D8F4D68DE9408ECC25F /* RewardCoreTests.swift */; };
		B7540DDE0C518C4C5FB924DB /* VisualBridgeTests.swift in Sources */ = {isa = PBXBuildFile; fileRef = FB477A2792FB3D0541A7BBDF /* VisualBridgeTests.swift */; };
		B7AA0A8E978CCD55EFDBCAB2 /* NeighborSensor.swift in Sources */ = {isa = PBXBuildFile; fileRef = B0B2295137A4F55070A3487D /* NeighborSensor.swift */; };
		C35014CEB786F581D3D24364 /* Conductor.swift in Sources */ = {isa = PBXBuildFile; fileRef = B5D31B577D1AD1A9223A5178 /* Conductor.swift */; };
		D3DDB89ABDD27B9EF104A870 /* visual.html in Resources */ = {isa = PBXBuildFile; fileRef = 2A6CB71613B44B9E10091952 /* visual.html */; };
		D73294D4989EF604E856C78A /* RewardCore.swift in Sources */ = {isa = PBXBuildFile; fileRef = D939F398C6F4A8090D9AD625 /* RewardCore.swift */; };
		E4D528FB3E18507260BB7320 /* ConvolutionReverb.swift in Sources */ = {isa = PBXBuildFile; fileRef = 37B2F9FE9B9C3F48A28651C3 /* ConvolutionReverb.swift */; };
		E9C4BBD4C71D97E761BF23CE /* ConvolutionReverbTests.swift in Sources */ = {isa = PBXBuildFile; fileRef = 4F5969317D5CA11B777B481D /* ConvolutionReverbTests.swift */; };
		ECC7A8D07D88D08E0FD5483B /* ContentView.swift in Sources */ = {isa = PBXBuildFile; fileRef = 351EE86A84F75CA01247C0F4 /* ContentView.swift */; };
		F0D799E1763DC2939F74B059 /* Config.swift in Sources */ = {isa = PBXBuildFile; fileRef = D494DDF1E61BEDDAA50273BB /* Config.swift */; };
		F4A6F6D877EB5F7402387304 /* SoloFallbackTests.swift in Sources */ = {isa = PBXBuildFile; fileRef = 2EE00DB5190F490359A8AC1E /* SoloFallbackTests.swift */; };
		F860539F82DA8E6EC13D50CD /* score.json in Resources */ = {isa = PBXBuildFile; fileRef = DF0B8B7E35DD64B9C3343190 /* score.json */; };
		F8EE1CD78C720CF44352FE72 /* Assets.xcassets in Resources */ = {isa = PBXBuildFile; fileRef = 257876A31E053724E215BF88 /* Assets.xcassets */; };
/* End PBXBuildFile section */

/* Begin PBXContainerItemProxy section */
		7765BC821B1A56050B11212E /* PBXContainerItemProxy */ = {
			isa = PBXContainerItemProxy;
			containerPortal = F588863B567EA51D25A8B2E7 /* Project object */;
			proxyType = 1;
			remoteGlobalIDString = A96A67C12F5B9C5AF3061F2D;
			remoteInfo = NearfieldEnsemble;
		};
/* End PBXContainerItemProxy section */

/* Begin PBXFileReference section */
		20CE9C5958840CF971464B6B /* VoiceEngine.swift */ = {isa = PBXFileReference; lastKnownFileType = sourcecode.swift; path = VoiceEngine.swift; sourceTree = "<group>"; };
		257876A31E053724E215BF88 /* Assets.xcassets */ = {isa = PBXFileReference; lastKnownFileType = folder.assetcatalog; path = Assets.xcassets; sourceTree = "<group>"; };
		2A6CB71613B44B9E10091952 /* visual.html */ = {isa = PBXFileReference; lastKnownFileType = text.html; path = visual.html; sourceTree = "<group>"; };
		2EE00DB5190F490359A8AC1E /* SoloFallbackTests.swift */ = {isa = PBXFileReference; lastKnownFileType = sourcecode.swift; path = SoloFallbackTests.swift; sourceTree = "<group>"; };
		351EE86A84F75CA01247C0F4 /* ContentView.swift */ = {isa = PBXFileReference; lastKnownFileType = sourcecode.swift; path = ContentView.swift; sourceTree = "<group>"; };
		37B2F9FE9B9C3F48A28651C3 /* ConvolutionReverb.swift */ = {isa = PBXFileReference; lastKnownFileType = sourcecode.swift; path = ConvolutionReverb.swift; sourceTree = "<group>"; };
		37C0646667DDB929D70CAC9E /* nearfield.html */ = {isa = PBXFileReference; lastKnownFileType = text.html; path = nearfield.html; sourceTree = "<group>"; };
		4E78D4EB9B7A0874B969FD79 /* ContentView.swift */ = {isa = PBXFileReference; lastKnownFileType = sourcecode.swift; path = ContentView.swift; sourceTree = "<group>"; };
		4F0710E630A9C4EA0DDFC4B3 /* NearfieldEnsemble.app */ = {isa = PBXFileReference; includeInIndex = 0; lastKnownFileType = wrapper.application; path = NearfieldEnsemble.app; sourceTree = BUILT_PRODUCTS_DIR; };
		4F5969317D5CA11B777B481D /* ConvolutionReverbTests.swift */ = {isa = PBXFileReference; lastKnownFileType = sourcecode.swift; path = ConvolutionReverbTests.swift; sourceTree = "<group>"; };
		4FB92A1C7B6754CAE51D3E41 /* Info.plist */ = {isa = PBXFileReference; lastKnownFileType = text.plist; path = Info.plist; sourceTree = "<group>"; };
		5689ACAB7AF9712707F89A4E /* reward_golden.json */ = {isa = PBXFileReference; lastKnownFileType = text.json; path = reward_golden.json; sourceTree = "<group>"; };
		701A7D8F4D68DE9408ECC25F /* RewardCoreTests.swift */ = {isa = PBXFileReference; lastKnownFileType = sourcecode.swift; path = RewardCoreTests.swift; sourceTree = "<group>"; };
		78942A71B0AAFDC762727928 /* ScoreCore.swift */ = {isa = PBXFileReference; lastKnownFileType = sourcecode.swift; path = ScoreCore.swift; sourceTree = "<group>"; };
		8BD28AC5102D8EF39C97D770 /* Nearfield.app */ = {isa = PBXFileReference; includeInIndex = 0; lastKnownFileType = wrapper.application; path = Nearfield.app; sourceTree = BUILT_PRODUCTS_DIR; };
		90A4551B99354EC26C4C6E5E /* ScoreCoreTests.swift */ = {isa = PBXFileReference; lastKnownFileType = sourcecode.swift; path = ScoreCoreTests.swift; sourceTree = "<group>"; };
		A5F1DBCF3F38C547B1872958 /* params.json */ = {isa = PBXFileReference; lastKnownFileType = text.json; path = params.json; sourceTree = "<group>"; };
		B0B2295137A4F55070A3487D /* NeighborSensor.swift */ = {isa = PBXFileReference; lastKnownFileType = sourcecode.swift; path = NeighborSensor.swift; sourceTree = "<group>"; };
		B1AFF821975E43488888CD72 /* NearfieldApp.swift */ = {isa = PBXFileReference; lastKnownFileType = sourcecode.swift; path = NearfieldApp.swift; sourceTree = "<group>"; };
		B1D60E2E0802A390019785E4 /* VisualView.swift */ = {isa = PBXFileReference; lastKnownFileType = sourcecode.swift; path = VisualView.swift; sourceTree = "<group>"; };
		B5D31B577D1AD1A9223A5178 /* Conductor.swift */ = {isa = PBXFileReference; lastKnownFileType = sourcecode.swift; path = Conductor.swift; sourceTree = "<group>"; };
		BF1838F63472B1E72809CAFE /* HubClient.swift */ = {isa = PBXFileReference; lastKnownFileType = sourcecode.swift; path = HubClient.swift; sourceTree = "<group>"; };
		C1E1E5B6F0CC67FC759C3C50 /* scale.json */ = {isa = PBXFileReference; lastKnownFileType = text.json; path = scale.json; sourceTree = "<group>"; };
		D494DDF1E61BEDDAA50273BB /* Config.swift */ = {isa = PBXFileReference; lastKnownFileType = sourcecode.swift; path = Config.swift; sourceTree = "<group>"; };
		D939F398C6F4A8090D9AD625 /* RewardCore.swift */ = {isa = PBXFileReference; lastKnownFileType = sourcecode.swift; path = RewardCore.swift; sourceTree = "<group>"; };
		D9B2C920A17D53926036D936 /* SoloFallback.swift */ = {isa = PBXFileReference; lastKnownFileType = sourcecode.swift; path = SoloFallback.swift; sourceTree = "<group>"; };
		DF0B8B7E35DD64B9C3343190 /* score.json */ = {isa = PBXFileReference; lastKnownFileType = text.json; path = score.json; sourceTree = "<group>"; };
		DFF457719CDA834C3621EC56 /* scale_drift.json */ = {isa = PBXFileReference; lastKnownFileType = text.json; path = scale_drift.json; sourceTree = "<group>"; };
		E05D1BE6FB7E96ABBE1D89AB /* NearfieldEnsembleTests.xctest */ = {isa = PBXFileReference; includeInIndex = 0; lastKnownFileType = wrapper.cfbundle; path = NearfieldEnsembleTests.xctest; sourceTree = BUILT_PRODUCTS_DIR; };
		F66F23B128DBF0810C896C2B /* EnsembleApp.swift */ = {isa = PBXFileReference; lastKnownFileType = sourcecode.swift; path = EnsembleApp.swift; sourceTree = "<group>"; };
		F76B869F0F5B02462B8EC468 /* MotionSensor.swift */ = {isa = PBXFileReference; lastKnownFileType = sourcecode.swift; path = MotionSensor.swift; sourceTree = "<group>"; };
		FB477A2792FB3D0541A7BBDF /* VisualBridgeTests.swift */ = {isa = PBXFileReference; lastKnownFileType = sourcecode.swift; path = VisualBridgeTests.swift; sourceTree = "<group>"; };
/* End PBXFileReference section */

/* Begin PBXGroup section */
		200AD8BFC4FA7099EDDEFE32 /* config */ = {
			isa = PBXGroup;
			children = (
				A5F1DBCF3F38C547B1872958 /* params.json */,
				DFF457719CDA834C3621EC56 /* scale_drift.json */,
				C1E1E5B6F0CC67FC759C3C50 /* scale.json */,
				DF0B8B7E35DD64B9C3343190 /* score.json */,
			);
			path = config;
			sourceTree = "<group>";
		};
		5A3C24E79312995D5953D76D /* Products */ = {
			isa = PBXGroup;
			children = (
				8BD28AC5102D8EF39C97D770 /* Nearfield.app */,
				4F0710E630A9C4EA0DDFC4B3 /* NearfieldEnsemble.app */,
				E05D1BE6FB7E96ABBE1D89AB /* NearfieldEnsembleTests.xctest */,
			);
			name = Products;
			sourceTree = "<group>";
		};
		8424BBE5A0F6EF65B9095412 = {
			isa = PBXGroup;
			children = (
				200AD8BFC4FA7099EDDEFE32 /* config */,
				C5EBB4839C7A5E982200AA6E /* fixtures */,
				E60D28787DE4C8DD230B3950 /* Nearfield */,
				F4B771C068D6E585657904B8 /* NearfieldEnsemble */,
				D59CE9F35E54B1B1C489B4E7 /* NearfieldEnsembleTests */,
				5A3C24E79312995D5953D76D /* Products */,
			);
			sourceTree = "<group>";
		};
		C5EBB4839C7A5E982200AA6E /* fixtures */ = {
			isa = PBXGroup;
			children = (
				5689ACAB7AF9712707F89A4E /* reward_golden.json */,
			);
			name = fixtures;
			path = config/fixtures;
			sourceTree = "<group>";
		};
		D59CE9F35E54B1B1C489B4E7 /* NearfieldEnsembleTests */ = {
			isa = PBXGroup;
			children = (
				4F5969317D5CA11B777B481D /* ConvolutionReverbTests.swift */,
				701A7D8F4D68DE9408ECC25F /* RewardCoreTests.swift */,
				90A4551B99354EC26C4C6E5E /* ScoreCoreTests.swift */,
				2EE00DB5190F490359A8AC1E /* SoloFallbackTests.swift */,
				FB477A2792FB3D0541A7BBDF /* VisualBridgeTests.swift */,
			);
			path = NearfieldEnsembleTests;
			sourceTree = "<group>";
		};
		E60D28787DE4C8DD230B3950 /* Nearfield */ = {
			isa = PBXGroup;
			children = (
				4E78D4EB9B7A0874B969FD79 /* ContentView.swift */,
				37C0646667DDB929D70CAC9E /* nearfield.html */,
				B1AFF821975E43488888CD72 /* NearfieldApp.swift */,
			);
			name = Nearfield;
			path = Nearfield/Nearfield;
			sourceTree = "<group>";
		};
		F4B771C068D6E585657904B8 /* NearfieldEnsemble */ = {
			isa = PBXGroup;
			children = (
				257876A31E053724E215BF88 /* Assets.xcassets */,
				B5D31B577D1AD1A9223A5178 /* Conductor.swift */,
				D494DDF1E61BEDDAA50273BB /* Config.swift */,
				351EE86A84F75CA01247C0F4 /* ContentView.swift */,
				37B2F9FE9B9C3F48A28651C3 /* ConvolutionReverb.swift */,
				F66F23B128DBF0810C896C2B /* EnsembleApp.swift */,
				BF1838F63472B1E72809CAFE /* HubClient.swift */,
				4FB92A1C7B6754CAE51D3E41 /* Info.plist */,
				F76B869F0F5B02462B8EC468 /* MotionSensor.swift */,
				B0B2295137A4F55070A3487D /* NeighborSensor.swift */,
				D939F398C6F4A8090D9AD625 /* RewardCore.swift */,
				78942A71B0AAFDC762727928 /* ScoreCore.swift */,
				D9B2C920A17D53926036D936 /* SoloFallback.swift */,
				2A6CB71613B44B9E10091952 /* visual.html */,
				B1D60E2E0802A390019785E4 /* VisualView.swift */,
				20CE9C5958840CF971464B6B /* VoiceEngine.swift */,
			);
			path = NearfieldEnsemble;
			sourceTree = "<group>";
		};
/* End PBXGroup section */

/* Begin PBXNativeTarget section */
		8FF69F8748853C29F5A7E7AB /* NearfieldEnsembleTests */ = {
			isa = PBXNativeTarget;
			buildConfigurationList = D70512521D8469439003C481 /* Build configuration list for PBXNativeTarget "NearfieldEnsembleTests" */;
			buildPhases = (
				9C3CBC7097BBBA4BE5772679 /* Sources */,
				792F9249FCCBF7ED77D74B20 /* Resources */,
			);
			buildRules = (
			);
			dependencies = (
				E1FA0CAD82FDFB770AC9169A /* PBXTargetDependency */,
			);
			name = NearfieldEnsembleTests;
			packageProductDependencies = (
			);
			productName = NearfieldEnsembleTests;
			productReference = E05D1BE6FB7E96ABBE1D89AB /* NearfieldEnsembleTests.xctest */;
			productType = "com.apple.product-type.bundle.unit-test";
		};
		92F15ECC2F792E8FBE165DBC /* Nearfield */ = {
			isa = PBXNativeTarget;
			buildConfigurationList = B324CD11E1173B5BD13E97CF /* Build configuration list for PBXNativeTarget "Nearfield" */;
			buildPhases = (
				31D2F492413E313506759E20 /* Sources */,
				2CE61272A094FEA45F80FE47 /* Resources */,
			);
			buildRules = (
			);
			dependencies = (
			);
			name = Nearfield;
			packageProductDependencies = (
			);
			productName = Nearfield;
			productReference = 8BD28AC5102D8EF39C97D770 /* Nearfield.app */;
			productType = "com.apple.product-type.application";
		};
		A96A67C12F5B9C5AF3061F2D /* NearfieldEnsemble */ = {
			isa = PBXNativeTarget;
			buildConfigurationList = 2129FD68F58C54FDAFCC46A0 /* Build configuration list for PBXNativeTarget "NearfieldEnsemble" */;
			buildPhases = (
				06BFA6AC38B668CD50DC96DC /* Sources */,
				A65B71A5C9D585F6C798A8BA /* Resources */,
			);
			buildRules = (
			);
			dependencies = (
			);
			name = NearfieldEnsemble;
			packageProductDependencies = (
			);
			productName = NearfieldEnsemble;
			productReference = 4F0710E630A9C4EA0DDFC4B3 /* NearfieldEnsemble.app */;
			productType = "com.apple.product-type.application";
		};
/* End PBXNativeTarget section */

/* Begin PBXProject section */
		F588863B567EA51D25A8B2E7 /* Project object */ = {
			isa = PBXProject;
			attributes = {
				BuildIndependentTargetsInParallel = YES;
				LastUpgradeCheck = 1500;
				TargetAttributes = {
					8FF69F8748853C29F5A7E7AB = {
						DevelopmentTeam = 34TC8WMBSQ;
						ProvisioningStyle = Automatic;
					};
					92F15ECC2F792E8FBE165DBC = {
						DevelopmentTeam = 34TC8WMBSQ;
						ProvisioningStyle = Automatic;
					};
					A96A67C12F5B9C5AF3061F2D = {
						DevelopmentTeam = 34TC8WMBSQ;
						ProvisioningStyle = Automatic;
					};
				};
			};
			buildConfigurationList = DEE0044A55E0310FF0F96E60 /* Build configuration list for PBXProject "Nearfield" */;
			compatibilityVersion = "Xcode 14.0";
			developmentRegion = en;
			hasScannedForEncodings = 0;
			knownRegions = (
				Base,
				en,
			);
			mainGroup = 8424BBE5A0F6EF65B9095412;
			minimizedProjectReferenceProxies = 1;
			preferredProjectObjectVersion = 77;
			projectDirPath = "";
			projectRoot = "";
			targets = (
				92F15ECC2F792E8FBE165DBC /* Nearfield */,
				A96A67C12F5B9C5AF3061F2D /* NearfieldEnsemble */,
				8FF69F8748853C29F5A7E7AB /* NearfieldEnsembleTests */,
			);
		};
/* End PBXProject section */

/* Begin PBXResourcesBuildPhase section */
		2CE61272A094FEA45F80FE47 /* Resources */ = {
			isa = PBXResourcesBuildPhase;
			buildActionMask = 2147483647;
			files = (
				1A819DD24973581052EA9A0A /* nearfield.html in Resources */,
			);
			runOnlyForDeploymentPostprocessing = 0;
		};
		792F9249FCCBF7ED77D74B20 /* Resources */ = {
			isa = PBXResourcesBuildPhase;
			buildActionMask = 2147483647;
			files = (
				24B8DDAB7F78330BD09FAFED /* params.json in Resources */,
				3714682097BA433A0BF6BC45 /* reward_golden.json in Resources */,
				9492DA4F2A7A9EC853A5C1B7 /* scale.json in Resources */,
				7097370EF0A33CBB84867D9A /* scale_drift.json in Resources */,
				F860539F82DA8E6EC13D50CD /* score.json in Resources */,
			);
			runOnlyForDeploymentPostprocessing = 0;
		};
		A65B71A5C9D585F6C798A8BA /* Resources */ = {
			isa = PBXResourcesBuildPhase;
			buildActionMask = 2147483647;
			files = (
				F8EE1CD78C720CF44352FE72 /* Assets.xcassets in Resources */,
				32C578F61A4D9B2C8A1C24FC /* params.json in Resources */,
				2D80FAF404327C6D99BBA47B /* scale.json in Resources */,
				D3DDB89ABDD27B9EF104A870 /* visual.html in Resources */,
			);
			runOnlyForDeploymentPostprocessing = 0;
		};
/* End PBXResourcesBuildPhase section */

/* Begin PBXSourcesBuildPhase section */
		06BFA6AC38B668CD50DC96DC /* Sources */ = {
			isa = PBXSourcesBuildPhase;
			buildActionMask = 2147483647;
			files = (
				C35014CEB786F581D3D24364 /* Conductor.swift in Sources */,
				F0D799E1763DC2939F74B059 /* Config.swift in Sources */,
				ECC7A8D07D88D08E0FD5483B /* ContentView.swift in Sources */,
				E4D528FB3E18507260BB7320 /* ConvolutionReverb.swift in Sources */,
				20D03E6C27D8CB7E57B60DDE /* EnsembleApp.swift in Sources */,
				01EE29B8DC029255D16172AA /* HubClient.swift in Sources */,
				50C5202F0785BD7E822C71BE /* MotionSensor.swift in Sources */,
				B7AA0A8E978CCD55EFDBCAB2 /* NeighborSensor.swift in Sources */,
				D73294D4989EF604E856C78A /* RewardCore.swift in Sources */,
				A95B78E3FABDB00E8FF758A8 /* ScoreCore.swift in Sources */,
				083E70602DF02BC2A7459AA9 /* SoloFallback.swift in Sources */,
				0A662001B0685923F438492F /* VisualView.swift in Sources */,
				46090974BB312FBDE9F474E9 /* VoiceEngine.swift in Sources */,
			);
			runOnlyForDeploymentPostprocessing = 0;
		};
		31D2F492413E313506759E20 /* Sources */ = {
			isa = PBXSourcesBuildPhase;
			buildActionMask = 2147483647;
			files = (
				95B17610906B225E9BACF3D0 /* ContentView.swift in Sources */,
				4E306E509FC192897A6A1053 /* NearfieldApp.swift in Sources */,
			);
			runOnlyForDeploymentPostprocessing = 0;
		};
		9C3CBC7097BBBA4BE5772679 /* Sources */ = {
			isa = PBXSourcesBuildPhase;
			buildActionMask = 2147483647;
			files = (
				E9C4BBD4C71D97E761BF23CE /* ConvolutionReverbTests.swift in Sources */,
				B13395FD9353EF3ECE48A662 /* RewardCoreTests.swift in Sources */,
				74F2221DD1A33E93B495A92C /* ScoreCoreTests.swift in Sources */,
				F4A6F6D877EB5F7402387304 /* SoloFallbackTests.swift in Sources */,
				B7540DDE0C518C4C5FB924DB /* VisualBridgeTests.swift in Sources */,
			);
			runOnlyForDeploymentPostprocessing = 0;
		};
/* End PBXSourcesBuildPhase section */

/* Begin PBXTargetDependency section */
		E1FA0CAD82FDFB770AC9169A /* PBXTargetDependency */ = {
			isa = PBXTargetDependency;
			target = A96A67C12F5B9C5AF3061F2D /* NearfieldEnsemble */;
			targetProxy = 7765BC821B1A56050B11212E /* PBXContainerItemProxy */;
		};
/* End PBXTargetDependency section */

/* Begin XCBuildConfiguration section */
		0A799D264CDEF89D583BC436 /* Debug */ = {
			isa = XCBuildConfiguration;
			buildSettings = {
				ALWAYS_SEARCH_USER_PATHS = NO;
				CLANG_ANALYZER_NONNULL = YES;
				CLANG_ANALYZER_NUMBER_OBJECT_CONVERSION = YES_AGGRESSIVE;
				CLANG_CXX_LANGUAGE_STANDARD = "gnu++14";
				CLANG_CXX_LIBRARY = "libc++";
				CLANG_ENABLE_MODULES = YES;
				CLANG_ENABLE_OBJC_ARC = YES;
				CLANG_ENABLE_OBJC_WEAK = YES;
				CLANG_WARN_BLOCK_CAPTURE_AUTORELEASING = YES;
				CLANG_WARN_BOOL_CONVERSION = YES;
				CLANG_WARN_COMMA = YES;
				CLANG_WARN_CONSTANT_CONVERSION = YES;
				CLANG_WARN_DEPRECATED_OBJC_IMPLEMENTATIONS = YES;
				CLANG_WARN_DIRECT_OBJC_ISA_USAGE = YES_ERROR;
				CLANG_WARN_DOCUMENTATION_COMMENTS = YES;
				CLANG_WARN_EMPTY_BODY = YES;
				CLANG_WARN_ENUM_CONVERSION = YES;
				CLANG_WARN_INFINITE_RECURSION = YES;
				CLANG_WARN_INT_CONVERSION = YES;
				CLANG_WARN_NON_LITERAL_NULL_CONVERSION = YES;
				CLANG_WARN_OBJC_IMPLICIT_RETAIN_SELF = YES;
				CLANG_WARN_OBJC_LITERAL_CONVERSION = YES;
				CLANG_WARN_OBJC_ROOT_CLASS = YES_ERROR;
				CLANG_WARN_QUOTED_INCLUDE_IN_FRAMEWORK_HEADER = YES;
				CLANG_WARN_RANGE_LOOP_ANALYSIS = YES;
				CLANG_WARN_STRICT_PROTOTYPES = YES;
				CLANG_WARN_SUSPICIOUS_MOVE = YES;
				CLANG_WARN_UNGUARDED_AVAILABILITY = YES_AGGRESSIVE;
				CLANG_WARN_UNREACHABLE_CODE = YES;
				CLANG_WARN__DUPLICATE_METHOD_MATCH = YES;
				CODE_SIGN_STYLE = Automatic;
				COPY_PHASE_STRIP = NO;
				DEBUG_INFORMATION_FORMAT = dwarf;
				DEVELOPMENT_TEAM = 34TC8WMBSQ;
				ENABLE_STRICT_OBJC_MSGSEND = YES;
				ENABLE_TESTABILITY = YES;
				GCC_C_LANGUAGE_STANDARD = gnu11;
				GCC_DYNAMIC_NO_PIC = NO;
				GCC_NO_COMMON_BLOCKS = YES;
				GCC_OPTIMIZATION_LEVEL = 0;
				GCC_PREPROCESSOR_DEFINITIONS = (
					"$(inherited)",
					"DEBUG=1",
				);
				GCC_WARN_64_TO_32_BIT_CONVERSION = YES;
				GCC_WARN_ABOUT_RETURN_TYPE = YES_ERROR;
				GCC_WARN_UNDECLARED_SELECTOR = YES;
				GCC_WARN_UNINITIALIZED_AUTOS = YES_AGGRESSIVE;
				GCC_WARN_UNUSED_FUNCTION = YES;
				GCC_WARN_UNUSED_VARIABLE = YES;
				IPHONEOS_DEPLOYMENT_TARGET = 16.0;
				MTL_ENABLE_DEBUG_INFO = INCLUDE_SOURCE;
				MTL_FAST_MATH = YES;
				ONLY_ACTIVE_ARCH = YES;
				PRODUCT_NAME = "$(TARGET_NAME)";
				SDKROOT = iphoneos;
				SWIFT_ACTIVE_COMPILATION_CONDITIONS = DEBUG;
				SWIFT_OPTIMIZATION_LEVEL = "-Onone";
				SWIFT_VERSION = 5.0;
			};
			name = Debug;
		};
		0EBBD0C6854F9559C23E32B6 /* Debug */ = {
			isa = XCBuildConfiguration;
			buildSettings = {
				ASSETCATALOG_COMPILER_APPICON_NAME = AppIcon;
				CODE_SIGN_IDENTITY = "iPhone Developer";
				ENABLE_PREVIEWS = YES;
				INFOPLIST_FILE = Nearfield/Nearfield/Info.plist;
				LD_RUNPATH_SEARCH_PATHS = (
					"$(inherited)",
					"@executable_path/Frameworks",
				);
				PRODUCT_BUNDLE_IDENTIFIER = com.nearfield.duet;
				SDKROOT = iphoneos;
				SWIFT_VERSION = 5.0;
				TARGETED_DEVICE_FAMILY = "1,2";
			};
			name = Debug;
		};
		20BEDB3E70F944DF573231E6 /* Release */ = {
			isa = XCBuildConfiguration;
			buildSettings = {
				ASSETCATALOG_COMPILER_APPICON_NAME = AppIcon;
				CODE_SIGN_IDENTITY = "iPhone Developer";
				CURRENT_PROJECT_VERSION = 1;
				ENABLE_PREVIEWS = YES;
				GENERATE_INFOPLIST_FILE = YES;
				INFOPLIST_FILE = NearfieldEnsemble/Info.plist;
				INFOPLIST_KEY_CFBundleDisplayName = Nearfield;
				INFOPLIST_KEY_UILaunchScreen_Generation = YES;
				LD_RUNPATH_SEARCH_PATHS = (
					"$(inherited)",
					"@executable_path/Frameworks",
				);
				MARKETING_VERSION = 1.0.0;
				PRODUCT_BUNDLE_IDENTIFIER = com.nearfield.app;
				SDKROOT = iphoneos;
				SWIFT_VERSION = 5.0;
				TARGETED_DEVICE_FAMILY = 1;
			};
			name = Release;
		};
		6AA613DC4DC03E3B626881E3 /* Release */ = {
			isa = XCBuildConfiguration;
			buildSettings = {
				ALWAYS_SEARCH_USER_PATHS = NO;
				CLANG_ANALYZER_NONNULL = YES;
				CLANG_ANALYZER_NUMBER_OBJECT_CONVERSION = YES_AGGRESSIVE;
				CLANG_CXX_LANGUAGE_STANDARD = "gnu++14";
				CLANG_CXX_LIBRARY = "libc++";
				CLANG_ENABLE_MODULES = YES;
				CLANG_ENABLE_OBJC_ARC = YES;
				CLANG_ENABLE_OBJC_WEAK = YES;
				CLANG_WARN_BLOCK_CAPTURE_AUTORELEASING = YES;
				CLANG_WARN_BOOL_CONVERSION = YES;
				CLANG_WARN_COMMA = YES;
				CLANG_WARN_CONSTANT_CONVERSION = YES;
				CLANG_WARN_DEPRECATED_OBJC_IMPLEMENTATIONS = YES;
				CLANG_WARN_DIRECT_OBJC_ISA_USAGE = YES_ERROR;
				CLANG_WARN_DOCUMENTATION_COMMENTS = YES;
				CLANG_WARN_EMPTY_BODY = YES;
				CLANG_WARN_ENUM_CONVERSION = YES;
				CLANG_WARN_INFINITE_RECURSION = YES;
				CLANG_WARN_INT_CONVERSION = YES;
				CLANG_WARN_NON_LITERAL_NULL_CONVERSION = YES;
				CLANG_WARN_OBJC_IMPLICIT_RETAIN_SELF = YES;
				CLANG_WARN_OBJC_LITERAL_CONVERSION = YES;
				CLANG_WARN_OBJC_ROOT_CLASS = YES_ERROR;
				CLANG_WARN_QUOTED_INCLUDE_IN_FRAMEWORK_HEADER = YES;
				CLANG_WARN_RANGE_LOOP_ANALYSIS = YES;
				CLANG_WARN_STRICT_PROTOTYPES = YES;
				CLANG_WARN_SUSPICIOUS_MOVE = YES;
				CLANG_WARN_UNGUARDED_AVAILABILITY = YES_AGGRESSIVE;
				CLANG_WARN_UNREACHABLE_CODE = YES;
				CLANG_WARN__DUPLICATE_METHOD_MATCH = YES;
				CODE_SIGN_STYLE = Automatic;
				COPY_PHASE_STRIP = NO;
				DEBUG_INFORMATION_FORMAT = "dwarf-with-dsym";
				DEVELOPMENT_TEAM = 34TC8WMBSQ;
				ENABLE_NS_ASSERTIONS = NO;
				ENABLE_STRICT_OBJC_MSGSEND = YES;
				GCC_C_LANGUAGE_STANDARD = gnu11;
				GCC_NO_COMMON_BLOCKS = YES;
				GCC_WARN_64_TO_32_BIT_CONVERSION = YES;
				GCC_WARN_ABOUT_RETURN_TYPE = YES_ERROR;
				GCC_WARN_UNDECLARED_SELECTOR = YES;
				GCC_WARN_UNINITIALIZED_AUTOS = YES_AGGRESSIVE;
				GCC_WARN_UNUSED_FUNCTION = YES;
				GCC_WARN_UNUSED_VARIABLE = YES;
				IPHONEOS_DEPLOYMENT_TARGET = 16.0;
				MTL_ENABLE_DEBUG_INFO = NO;
				MTL_FAST_MATH = YES;
				PRODUCT_NAME = "$(TARGET_NAME)";
				SDKROOT = iphoneos;
				SWIFT_COMPILATION_MODE = wholemodule;
				SWIFT_OPTIMIZATION_LEVEL = "-O";
				SWIFT_VERSION = 5.0;
			};
			name = Release;
		};
		6EF13B470C6F048B12293CEA /* Release */ = {
			isa = XCBuildConfiguration;
			buildSettings = {
				ASSETCATALOG_COMPILER_APPICON_NAME = AppIcon;
				CODE_SIGN_IDENTITY = "iPhone Developer";
				ENABLE_PREVIEWS = YES;
				INFOPLIST_FILE = Nearfield/Nearfield/Info.plist;
				LD_RUNPATH_SEARCH_PATHS = (
					"$(inherited)",
					"@executable_path/Frameworks",
				);
				PRODUCT_BUNDLE_IDENTIFIER = com.nearfield.duet;
				SDKROOT = iphoneos;
				SWIFT_VERSION = 5.0;
				TARGETED_DEVICE_FAMILY = "1,2";
			};
			name = Release;
		};
		7B08B69DC5D3BCAF3F30CE7E /* Release */ = {
			isa = XCBuildConfiguration;
			buildSettings = {
				BUNDLE_LOADER = "$(TEST_HOST)";
				GENERATE_INFOPLIST_FILE = YES;
				LD_RUNPATH_SEARCH_PATHS = (
					"$(inherited)",
					"@executable_path/Frameworks",
					"@loader_path/Frameworks",
				);
				PRODUCT_BUNDLE_IDENTIFIER = com.nearfield.NearfieldEnsembleTests;
				SDKROOT = iphoneos;
				TARGETED_DEVICE_FAMILY = "1,2";
				TEST_HOST = "$(BUILT_PRODUCTS_DIR)/NearfieldEnsemble.app/NearfieldEnsemble";
			};
			name = Release;
		};
		7BBF6F2823FFBFB51B035B71 /* Debug */ = {
			isa = XCBuildConfiguration;
			buildSettings = {
				BUNDLE_LOADER = "$(TEST_HOST)";
				GENERATE_INFOPLIST_FILE = YES;
				LD_RUNPATH_SEARCH_PATHS = (
					"$(inherited)",
					"@executable_path/Frameworks",
					"@loader_path/Frameworks",
				);
				PRODUCT_BUNDLE_IDENTIFIER = com.nearfield.NearfieldEnsembleTests;
				SDKROOT = iphoneos;
				TARGETED_DEVICE_FAMILY = "1,2";
				TEST_HOST = "$(BUILT_PRODUCTS_DIR)/NearfieldEnsemble.app/NearfieldEnsemble";
			};
			name = Debug;
		};
		8139F52BE13663634EFBA159 /* Debug */ = {
			isa = XCBuildConfiguration;
			buildSettings = {
				ASSETCATALOG_COMPILER_APPICON_NAME = AppIcon;
				CODE_SIGN_IDENTITY = "iPhone Developer";
				CURRENT_PROJECT_VERSION = 1;
				ENABLE_PREVIEWS = YES;
				GENERATE_INFOPLIST_FILE = YES;
				INFOPLIST_FILE = NearfieldEnsemble/Info.plist;
				INFOPLIST_KEY_CFBundleDisplayName = Nearfield;
				INFOPLIST_KEY_UILaunchScreen_Generation = YES;
				LD_RUNPATH_SEARCH_PATHS = (
					"$(inherited)",
					"@executable_path/Frameworks",
				);
				MARKETING_VERSION = 1.0.0;
				PRODUCT_BUNDLE_IDENTIFIER = com.nearfield.app;
				SDKROOT = iphoneos;
				SWIFT_VERSION = 5.0;
				TARGETED_DEVICE_FAMILY = 1;
			};
			name = Debug;
		};
/* End XCBuildConfiguration section */

/* Begin XCConfigurationList section */
		2129FD68F58C54FDAFCC46A0 /* Build configuration list for PBXNativeTarget "NearfieldEnsemble" */ = {
			isa = XCConfigurationList;
			buildConfigurations = (
				8139F52BE13663634EFBA159 /* Debug */,
				20BEDB3E70F944DF573231E6 /* Release */,
			);
			defaultConfigurationIsVisible = 0;
			defaultConfigurationName = Debug;
		};
		B324CD11E1173B5BD13E97CF /* Build configuration list for PBXNativeTarget "Nearfield" */ = {
			isa = XCConfigurationList;
			buildConfigurations = (
				0EBBD0C6854F9559C23E32B6 /* Debug */,
				6EF13B470C6F048B12293CEA /* Release */,
			);
			defaultConfigurationIsVisible = 0;
			defaultConfigurationName = Debug;
		};
		D70512521D8469439003C481 /* Build configuration list for PBXNativeTarget "NearfieldEnsembleTests" */ = {
			isa = XCConfigurationList;
			buildConfigurations = (
				7BBF6F2823FFBFB51B035B71 /* Debug */,
				7B08B69DC5D3BCAF3F30CE7E /* Release */,
			);
			defaultConfigurationIsVisible = 0;
			defaultConfigurationName = Debug;
		};
		DEE0044A55E0310FF0F96E60 /* Build configuration list for PBXProject "Nearfield" */ = {
			isa = XCConfigurationList;
			buildConfigurations = (
				0A799D264CDEF89D583BC436 /* Debug */,
				6AA613DC4DC03E3B626881E3 /* Release */,
			);
			defaultConfigurationIsVisible = 0;
			defaultConfigurationName = Debug;
		};
/* End XCConfigurationList section */
	};
	rootObject = F588863B567EA51D25A8B2E7 /* Project object */;
}
